<?xml version="1.0" encoding="utf-8"?>
<Project ToolsVersion="17.0" xmlns="http://schemas.microsoft.com/developer/msbuild/2003">
  <ItemGroup>
    <ClCompile Include="C:\Users\NOEL\Desktop\bullet3\src\BulletSoftBody\btSoftBody.cpp">
      <Filter>Source Files</Filter>
    </ClCompile>
    <ClCompile Include="C:\Users\NOEL\Desktop\bullet3\src\BulletSoftBody\btSoftBodyConcaveCollisionAlgorithm.cpp">
      <Filter>Source Files</Filter>
    </ClCompile>
    <ClCompile Include="C:\Users\NOEL\Desktop\bullet3\src\BulletSoftBody\btSoftBodyHelpers.cpp">
      <Filter>Source Files</Filter>
    </ClCompile>
    <ClCompile Include="C:\Users\NOEL\Desktop\bullet3\src\BulletSoftBody\btSoftBodyRigidBodyCollisionConfiguration.cpp">
      <Filter>Source Files</Filter>
    </ClCompile>
    <ClCompile Include="C:\Users\NOEL\Desktop\bullet3\src\BulletSoftBody\btSoftRigidCollisionAlgorithm.cpp">
      <Filter>Source Files</Filter>
    </ClCompile>
    <ClCompile Include="C:\Users\NOEL\Desktop\bullet3\src\BulletSoftBody\btSoftRigidDynamicsWorld.cpp">
      <Filter>Source Files</Filter>
    </ClCompile>
    <ClCompile Include="C:\Users\NOEL\Desktop\bullet3\src\BulletSoftBody\btSoftMultiBodyDynamicsWorld.cpp">
      <Filter>Source Files</Filter>
    </ClCompile>
    <ClCompile Include="C:\Users\NOEL\Desktop\bullet3\src\BulletSoftBody\btSoftSoftCollisionAlgorithm.cpp">
      <Filter>Source Files</Filter>
    </ClCompile>
    <ClCompile Include="C:\Users\NOEL\Desktop\bullet3\src\BulletSoftBody\btDefaultSoftBodySolver.cpp">
      <Filter>Source Files</Filter>
    </ClCompile>
    <ClCompile Include="C:\Users\NOEL\Desktop\bullet3\src\BulletSoftBody\btDeformableBackwardEulerObjective.cpp">
      <Filter>Source Files</Filter>
    </ClCompile>
    <ClCompile Include="C:\Users\NOEL\Desktop\bullet3\src\BulletSoftBody\btDeformableBodySolver.cpp">
      <Filter>Source Files</Filter>
    </ClCompile>
    <ClCompile Include="C:\Users\NOEL\Desktop\bullet3\src\BulletSoftBody\btDeformableMultiBodyConstraintSolver.cpp">
      <Filter>Source Files</Filter>
    </ClCompile>
    <ClCompile Include="C:\Users\NOEL\Desktop\bullet3\src\BulletSoftBody\btDeformableContactProjection.cpp">
      <Filter>Source Files</Filter>
    </ClCompile>
    <ClCompile Include="C:\Users\NOEL\Desktop\bullet3\src\BulletSoftBody\btDeformableMultiBodyDynamicsWorld.cpp">
      <Filter>Source Files</Filter>
    </ClCompile>
    <ClCompile Include="C:\Users\NOEL\Desktop\bullet3\src\BulletSoftBody\btDeformableContactConstraint.cpp">
      <Filter>Source Files</Filter>
    </ClCompile>
    <ClCompile Include="C:\Users\NOEL\Desktop\bullet3\src\BulletSoftBody\poly34.cpp">
      <Filter>Source Files</Filter>
    </ClCompile>
    <ClCompile Include="C:\Users\NOEL\Desktop\bullet3\src\BulletSoftBody\BulletReducedDeformableBody\btReducedDeformableBody.cpp">
      <Filter>Source Files</Filter>
    </ClCompile>
    <ClCompile Include="C:\Users\NOEL\Desktop\bullet3\src\BulletSoftBody\BulletReducedDeformableBody\btReducedDeformableBodyHelpers.cpp">
      <Filter>Source Files</Filter>
    </ClCompile>
    <ClCompile Include="C:\Users\NOEL\Desktop\bullet3\src\BulletSoftBody\BulletReducedDeformableBody\btReducedDeformableBodySolver.cpp">
      <Filter>Source Files</Filter>
    </ClCompile>
    <ClCompile Include="C:\Users\NOEL\Desktop\bullet3\src\BulletSoftBody\BulletReducedDeformableBody\btReducedDeformableContactConstraint.cpp">
      <Filter>Source Files</Filter>
    </ClCompile>
  </ItemGroup>
  <ItemGroup>
    <ClInclude Include="C:\Users\NOEL\Desktop\bullet3\src\BulletSoftBody\btSoftBody.h">
      <Filter>Header Files</Filter>
    </ClInclude>
    <ClInclude Include="C:\Users\NOEL\Desktop\bullet3\src\BulletSoftBody\btSoftBodyData.h">
      <Filter>Header Files</Filter>
    </ClInclude>
    <ClInclude Include="C:\Users\NOEL\Desktop\bullet3\src\BulletSoftBody\btSoftBodyConcaveCollisionAlgorithm.h">
      <Filter>Header Files</Filter>
    </ClInclude>
    <ClInclude Include="C:\Users\NOEL\Desktop\bullet3\src\BulletSoftBody\btSoftBodyHelpers.h">
      <Filter>Header Files</Filter>
    </ClInclude>
    <ClInclude Include="C:\Users\NOEL\Desktop\bullet3\src\BulletSoftBody\btSoftBodyRigidBodyCollisionConfiguration.h">
      <Filter>Header Files</Filter>
    </ClInclude>
    <ClInclude Include="C:\Users\NOEL\Desktop\bullet3\src\BulletSoftBody\btSoftRigidCollisionAlgorithm.h">
      <Filter>Header Files</Filter>
    </ClInclude>
    <ClInclude Include="C:\Users\NOEL\Desktop\bullet3\src\BulletSoftBody\btSoftRigidDynamicsWorld.h">
      <Filter>Header Files</Filter>
    </ClInclude>
    <ClInclude Include="C:\Users\NOEL\Desktop\bullet3\src\BulletSoftBody\btSoftMultiBodyDynamicsWorld.h">
      <Filter>Header Files</Filter>
    </ClInclude>
    <ClInclude Include="C:\Users\NOEL\Desktop\bullet3\src\BulletSoftBody\btSoftSoftCollisionAlgorithm.h">
      <Filter>Header Files</Filter>
    </ClInclude>
    <ClInclude Include="C:\Users\NOEL\Desktop\bullet3\src\BulletSoftBody\btSparseSDF.h">
      <Filter>Header Files</Filter>
    </ClInclude>
    <ClInclude Include="C:\Users\NOEL\Desktop\bullet3\src\BulletSoftBody\btSoftBodySolvers.h">
      <Filter>Header Files</Filter>
    </ClInclude>
    <ClInclude Include="C:\Users\NOEL\Desktop\bullet3\src\BulletSoftBody\btDefaultSoftBodySolver.h">
      <Filter>Header Files</Filter>
    </ClInclude>
    <ClInclude Include="C:\Users\NOEL\Desktop\bullet3\src\BulletSoftBody\btCGProjection.h">
      <Filter>Header Files</Filter>
    </ClInclude>
    <ClInclude Include="C:\Users\NOEL\Desktop\bullet3\src\BulletSoftBody\btConjugateGradient.h">
      <Filter>Header Files</Filter>
    </ClInclude>
    <ClInclude Include="C:\Users\NOEL\Desktop\bullet3\src\BulletSoftBody\btConjugateResidual.h">
      <Filter>Header Files</Filter>
    </ClInclude>
    <ClInclude Include="C:\Users\NOEL\Desktop\bullet3\src\BulletSoftBody\btDeformableGravityForce.h">
      <Filter>Header Files</Filter>
    </ClInclude>
    <ClInclude Include="C:\Users\NOEL\Desktop\bullet3\src\BulletSoftBody\btDeformableMassSpringForce.h">
      <Filter>Header Files</Filter>
    </ClInclude>
    <ClInclude Include="C:\Users\NOEL\Desktop\bullet3\src\BulletSoftBody\btDeformableCorotatedForce.h">
      <Filter>Header Files</Filter>
    </ClInclude>
    <ClInclude Include="C:\Users\NOEL\Desktop\bullet3\src\BulletSoftBody\btDeformableNeoHookeanForce.h">
      <Filter>Header Files</Filter>
    </ClInclude>
    <ClInclude Include="C:\Users\NOEL\Desktop\bullet3\src\BulletSoftBody\btDeformableLinearElasticityForce.h">
      <Filter>Header Files</Filter>
    </ClInclude>
    <ClInclude Include="C:\Users\NOEL\Desktop\bullet3\src\BulletSoftBody\btDeformableLagrangianForce.h">
      <Filter>Header Files</Filter>
    </ClInclude>
    <ClInclude Include="C:\Users\NOEL\Desktop\bullet3\src\BulletSoftBody\btPreconditioner.h">
      <Filter>Header Files</Filter>
    </ClInclude>
    <ClInclude Include="C:\Users\NOEL\Desktop\bullet3\src\BulletSoftBody\btDeformableBackwardEulerObjective.h">
      <Filter>Header Files</Filter>
    </ClInclude>
    <ClInclude Include="C:\Users\NOEL\Desktop\bullet3\src\BulletSoftBody\btDeformableBodySolver.h">
      <Filter>Header Files</Filter>
    </ClInclude>
    <ClInclude Include="C:\Users\NOEL\Desktop\bullet3\src\BulletSoftBody\btDeformableMultiBodyConstraintSolver.h">
      <Filter>Header Files</Filter>
    </ClInclude>
    <ClInclude Include="C:\Users\NOEL\Desktop\bullet3\src\BulletSoftBody\btDeformableContactProjection.h">
      <Filter>Header Files</Filter>
    </ClInclude>
    <ClInclude Include="C:\Users\NOEL\Desktop\bullet3\src\BulletSoftBody\btDeformableMultiBodyDynamicsWorld.h">
      <Filter>Header Files</Filter>
    </ClInclude>
    <ClInclude Include="C:\Users\NOEL\Desktop\bullet3\src\BulletSoftBody\btDeformableContactConstraint.h">
      <Filter>Header Files</Filter>
    </ClInclude>
    <ClInclude Include="C:\Users\NOEL\Desktop\bullet3\src\BulletSoftBody\btKrylovSolver.h">
      <Filter>Header Files</Filter>
    </ClInclude>
    <ClInclude Include="C:\Users\NOEL\Desktop\bullet3\src\BulletSoftBody\poly34.h">
      <Filter>Header Files</Filter>
    </ClInclude>
    <ClInclude Include="C:\Users\NOEL\Desktop\bullet3\src\BulletSoftBody\btSoftBodySolverVertexBuffer.h">
      <Filter>Header Files</Filter>
    </ClInclude>
    <ClInclude Include="C:\Users\NOEL\Desktop\bullet3\src\BulletSoftBody\BulletReducedDeformableBody\btReducedDeformableBody.h">
      <Filter>Header Files</Filter>
    </ClInclude>
    <ClInclude Include="C:\Users\NOEL\Desktop\bullet3\src\BulletSoftBody\BulletReducedDeformableBody\btReducedDeformableBodyHelpers.h">
      <Filter>Header Files</Filter>
    </ClInclude>
    <ClInclude Include="C:\Users\NOEL\Desktop\bullet3\src\BulletSoftBody\BulletReducedDeformableBody\btReducedDeformableBodySolver.h">
      <Filter>Header Files</Filter>
    </ClInclude>
    <ClInclude Include="C:\Users\NOEL\Desktop\bullet3\src\BulletSoftBody\BulletReducedDeformableBody\btReducedDeformableContactConstraint.h">
      <Filter>Header Files</Filter>
    </ClInclude>
  </ItemGroup>
  <ItemGroup>
    <CustomBuild Include="C:\Users\NOEL\Desktop\bullet3\src\BulletSoftBody\CMakeLists.txt" />
  </ItemGroup>
  <ItemGroup>
    <Filter Include="Header Files">
      <UniqueIdentifier>{675FE328-171C-3135-BF7A-8DF64B38DD40}</UniqueIdentifier>
    </Filter>
    <Filter Include="Source Files">
      <UniqueIdentifier>{DB6A89FA-CFD0-31F2-812A-44A923ACD6BF}</UniqueIdentifier>
    </Filter>
  </ItemGroup>
</Project>
