<?xml version="1.0" encoding="utf-8"?>
<Project ToolsVersion="17.0" xmlns="http://schemas.microsoft.com/developer/msbuild/2003">
  <ItemGroup>
    <CustomBuild Include="C:\Users\NOEL\Desktop\bullet3\CMakeFiles\e372eab656d6c2ef2c2305aeb382d0d8\INSTALL_force.rule">
      <Filter>CMake Rules</Filter>
    </CustomBuild>
  </ItemGroup>
  <ItemGroup>
    <Filter Include="CMake Rules">
      <UniqueIdentifier>{5BE7DBB2-AC14-3EF6-B91B-30F2EFA4345B}</UniqueIdentifier>
    </Filter>
  </ItemGroup>
</Project>
