<?xml version="1.0" encoding="UTF-8" standalone="yes" ?>
<CodeBlocks_project_file>
	<FileVersion major="1" minor="6" />
	<Project>
		<Option title="My3DOpenGLEngine" />
		<Option pch_mode="2" />
		<Option compiler="gcc" />
		<Build>
			<Target title="Debug x64">
				<Option output="../Debug/My3DOpenGLEngine" prefix_auto="1" extension_auto="1" />
				<Option object_output="Debug/" />
				<Option deps_output="../Debug/" />
				<Option type="0" />
				<Option compiler="gcc" />
				<Compiler>
					<Add option="-g" />
					<Add option="-D_DEBUG" />
					<Add option="-D_CONSOLE" />
					<Add option="-Wall" />
					<Add directory="../Source/" />
					<Add directory="$(IncludePath)/" />
					<Add directory="../Libraries/assimp/include/" />
					<Add directory="../Libraries/bullet/include/" />
				</Compiler>
				<Linker>
					<Add library="assimp-vc142-mtd.lib" />
					<Add library="LinearMath.lib" />
					<Add library="BulletDynamics.lib" />
					<Add library="BulletCollision.lib" />
					<Add library="winmm.lib" />
					<Add library="comctl32.lib" />
					<Add library="kernel32.lib" />
					<Add library="user32.lib" />
					<Add library="gdi32.lib" />
					<Add library="winspool.lib" />
					<Add library="comdlg32.lib" />
					<Add library="advapi32.lib" />
					<Add library="shell32.lib" />
					<Add library="ole32.lib" />
					<Add library="oleaut32.lib" />
					<Add library="uuid.lib" />
					<Add library="odbc32.lib" />
					<Add library="odbccp32.lib" />
					<Add directory="../Libraries/assimp/lib/" />
					<Add directory="../Libraries/bullet/lib/" />
				</Linker>
			</Target>
			<Target title="Release x64">
				<Option output="../Release/My3DOpenGLEngine" prefix_auto="1" extension_auto="1" />
				<Option object_output="Release/" />
				<Option deps_output="../Release/" />
				<Option type="1" />
				<Option compiler="gcc" />
				<Option use_console_runner="0" />
				<Compiler>
					<Add option="-Wall" />
					<Add option="-std=c++20" />
					<Add option="-DNDEBUG" />
					<Add option="-D_CONSOLE" />
					<Add directory="../Source/" />
					<Add directory="$(IncludePath)/" />
					<Add directory="../Libraries_linux/boost_1_85_0" />
					<Add directory="../Libraries_linux/include/" />
					<Add directory="../Libraries_linux/FreeType/" />
					<Add directory="../Libraries_linux/bullet" />
				</Compiler>
				<Linker>
					<Add library="../Libraries_linux/lib/libBulletDynamics.a" />
					<Add library="../Libraries_linux/lib/libBulletCollision.a" />
					<Add library="../Libraries_linux/lib/libLinearMath.a" />
					<Add library="GL" />
					<Add library="GLU" />
					<Add library="../Libraries_linux/lib/libGLEW.a" />
					<Add library="../Libraries_linux/lib/libglfw3.a" />
					<Add library="../Libraries_linux/lib/libfreetype.a" />
					<Add library="z" />
					<Add library="png" />
					<Add library="../Libraries_linux/lib/libassimp.a" />
					<Add library="../Libraries_linux/lib/libopenal.a" />
					<Add directory="../Libraries_linux/lib" />
				</Linker>
			</Target>
			<Target title="Release Win32">
				<Option output="../Release/My3DOpenGLEngine" prefix_auto="1" extension_auto="1" />
				<Option object_output="Release/" />
				<Option deps_output="../Release/" />
				<Option type="0" />
				<Option compiler="gcc" />
				<Compiler>
					<Add option="-DWIN32" />
					<Add option="-DNDEBUG" />
					<Add option="-D_CONSOLE" />
					<Add option="-Wall" />
				</Compiler>
				<Linker>
					<Add library="winmm.lib" />
					<Add library="comctl32.lib" />
					<Add library="kernel32.lib" />
					<Add library="user32.lib" />
					<Add library="gdi32.lib" />
					<Add library="winspool.lib" />
					<Add library="comdlg32.lib" />
					<Add library="advapi32.lib" />
					<Add library="shell32.lib" />
					<Add library="ole32.lib" />
					<Add library="oleaut32.lib" />
					<Add library="uuid.lib" />
					<Add library="odbc32.lib" />
					<Add library="odbccp32.lib" />
				</Linker>
			</Target>
			<Target title="Debug Win32">
				<Option output="../Debug/My3DOpenGLEngine" prefix_auto="1" extension_auto="1" />
				<Option object_output="Debug/" />
				<Option deps_output="../Debug/" />
				<Option type="0" />
				<Option compiler="gcc" />
				<Compiler>
					<Add option="-g" />
					<Add option="-DWIN32" />
					<Add option="-D_DEBUG" />
					<Add option="-D_CONSOLE" />
					<Add option="-Wall" />
					<Add directory="C:/Users/zero5/Desktop/3D OpenGL Engine/Source/" />
					<Add directory="$(IncludePath)/" />
					<Add directory="C:/Users/zero5/Desktop/3D OpenGL Engine/Libraries/assimp/include/" />
				</Compiler>
				<Linker>
					<Add library="assimp-vc142-mtd.lib" />
					<Add library="winmm.lib" />
					<Add library="comctl32.lib" />
					<Add library="kernel32.lib" />
					<Add library="user32.lib" />
					<Add library="gdi32.lib" />
					<Add library="winspool.lib" />
					<Add library="comdlg32.lib" />
					<Add library="advapi32.lib" />
					<Add library="shell32.lib" />
					<Add library="ole32.lib" />
					<Add library="oleaut32.lib" />
					<Add library="uuid.lib" />
					<Add library="odbc32.lib" />
					<Add library="odbccp32.lib" />
					<Add directory="C:/Users/zero5/Desktop/3D OpenGL Engine/Libraries/assimp/lib/" />
				</Linker>
			</Target>
		</Build>
		<Unit filename="../Source/Animator.h">
			<Option target="Release x64" />
		</Unit>
		<Unit filename="../Source/Audio.cpp">
			<Option target="Release x64" />
		</Unit>
		<Unit filename="../Source/Audio.h">
			<Option target="Release x64" />
		</Unit>
		<Unit filename="../Source/Bone.h">
			<Option target="Release x64" />
		</Unit>
		<Unit filename="../Source/Camera.cpp">
			<Option target="Release x64" />
		</Unit>
		<Unit filename="../Source/Camera.h">
			<Option target="Release x64" />
		</Unit>
		<Unit filename="../Source/EBO.cpp">
			<Option target="Release x64" />
		</Unit>
		<Unit filename="../Source/EBO.h">
			<Option target="Release x64" />
		</Unit>
		<Unit filename="../Source/ECS.cpp">
			<Option target="Release x64" />
		</Unit>
		<Unit filename="../Source/ECS.h">
			<Option target="Release x64" />
		</Unit>
		<Unit filename="../Source/Entity.cpp">
			<Option target="Release x64" />
		</Unit>
		<Unit filename="../Source/Entity.h">
			<Option target="Release x64" />
		</Unit>
		<Unit filename="../Source/GUI.cpp">
			<Option target="Release x64" />
		</Unit>
		<Unit filename="../Source/GUI.h">
			<Option target="Release x64" />
		</Unit>
		<Unit filename="../Source/Globals.cpp">
			<Option target="Release x64" />
		</Unit>
		<Unit filename="../Source/Globals.h">
			<Option target="Release x64" />
		</Unit>
		<Unit filename="../Source/Input.cpp">
			<Option target="Release x64" />
		</Unit>
		<Unit filename="../Source/Input.h">
			<Option target="Release x64" />
		</Unit>
		<Unit filename="../Source/Light.h">
			<Option target="Release x64" />
		</Unit>
		<Unit filename="../Source/LightSystem.cpp">
			<Option target="Release x64" />
		</Unit>
		<Unit filename="../Source/LightSystem.h">
			<Option target="Release x64" />
		</Unit>
		<Unit filename="../Source/Main.cpp">
			<Option target="Release x64" />
		</Unit>
		<Unit filename="../Source/Main.h">
			<Option target="Release x64" />
		</Unit>
		<Unit filename="../Source/Material.h">
			<Option target="Release x64" />
		</Unit>
		<Unit filename="../Source/Mesh.cpp">
			<Option target="Release x64" />
		</Unit>
		<Unit filename="../Source/Mesh.h">
			<Option target="Release x64" />
		</Unit>
		<Unit filename="../Source/Model.cpp">
			<Option target="Release x64" />
		</Unit>
		<Unit filename="../Source/Model.h">
			<Option target="Release x64" />
		</Unit>
		<Unit filename="../Source/Particle.cpp">
			<Option target="Release x64" />
		</Unit>
		<Unit filename="../Source/Particle.h">
			<Option target="Release x64" />
		</Unit>
		<Unit filename="../Source/ParticleEmitter.cpp">
			<Option target="Release x64" />
		</Unit>
		<Unit filename="../Source/ParticleEmitter.h">
			<Option target="Release x64" />
		</Unit>
		<Unit filename="../Source/ParticleSystem.cpp">
			<Option target="Release x64" />
		</Unit>
		<Unit filename="../Source/ParticleSystem.h">
			<Option target="Release x64" />
		</Unit>
		<Unit filename="../Source/Physics.cpp">
			<Option target="Release x64" />
		</Unit>
		<Unit filename="../Source/Physics.h">
			<Option target="Release x64" />
		</Unit>
		<Unit filename="../Source/PointShadow.cpp">
			<Option target="Release x64" />
		</Unit>
		<Unit filename="../Source/PointShadow.h">
			<Option target="Release x64" />
		</Unit>
		<Unit filename="../Source/Shader.cpp">
			<Option target="Release x64" />
		</Unit>
		<Unit filename="../Source/Shader.h">
			<Option target="Release x64" />
		</Unit>
		<Unit filename="../Source/SkeletalMesh.cpp">
			<Option target="Release x64" />
		</Unit>
		<Unit filename="../Source/SkeletalMesh.h">
			<Option target="Release x64" />
		</Unit>
		<Unit filename="../Source/SkeletalModel.cpp">
			<Option target="Release x64" />
		</Unit>
		<Unit filename="../Source/SkeletalModel.h">
			<Option target="Release x64" />
		</Unit>
		<Unit filename="../Source/Skeleton.h">
			<Option target="Release x64" />
		</Unit>
		<Unit filename="../Source/Skybox.cpp">
			<Option target="Release x64" />
		</Unit>
		<Unit filename="../Source/Skybox.h">
			<Option target="Release x64" />
		</Unit>
		<Unit filename="../Source/Texture.cpp">
			<Option target="Release x64" />
		</Unit>
		<Unit filename="../Source/Texture.h">
			<Option target="Release x64" />
		</Unit>
		<Unit filename="../Source/Transform.h">
			<Option target="Release x64" />
		</Unit>
		<Unit filename="../Source/VAO.cpp">
			<Option target="Release x64" />
		</Unit>
		<Unit filename="../Source/VAO.h">
			<Option target="Release x64" />
		</Unit>
		<Unit filename="../Source/VBO.cpp">
			<Option target="Release x64" />
		</Unit>
		<Unit filename="../Source/VBO.h">
			<Option target="Release x64" />
		</Unit>
		<Unit filename="../Source/Wire.cpp">
			<Option target="Release x64" />
		</Unit>
		<Unit filename="../Source/Wire.h">
			<Option target="Release x64" />
		</Unit>
		<Unit filename="../Source/dr_wav.c">
			<Option compilerVar="CC" />
			<Option target="Release x64" />
		</Unit>
		<Unit filename="../Source/dr_wav.h">
			<Option target="Release x64" />
		</Unit>
		<Unit filename="../Source/stb.cpp">
			<Option target="Release x64" />
		</Unit>
		<Unit filename="../Source/stb_image.h">
			<Option target="Release x64" />
		</Unit>
		<Extensions />
	</Project>
</CodeBlocks_project_file>
